Microsoft Visual Studio Solution File, Format Version 11.00
# Visual Studio 2008

Project("{F986D616-FE78-DCAD-5DDC-764F7D6C38E7}") = "CarTutorial", "Assembly-CSharp-firstpass-vs.csproj", "{FB069096-6CC6-8582-CAC4-3458826E2A91}"
EndProject
Project("{F986D616-FE78-DCAD-5DDC-764F7D6C38E7}") = "CarTutorial", "Assembly-CSharp-vs.csproj", "{D60D49F6-47AE-8732-5878-BF668738E72E}"
EndProject
Global
	GlobalSection(SolutionConfigurationPlatforms) = preSolution
		Debug|Any CPU = Debug|Any CPU
		Release|Any CPU = Release|Any CPU
	EndGlobalSection
	GlobalSection(ProjectConfigurationPlatforms) = postSolution
		{FB069096-6CC6-8582-CAC4-3458826E2A91}.Debug|Any CPU.ActiveCfg = Debug|Any CPU
		{FB069096-6CC6-8582-CAC4-3458826E2A91}.Debug|Any CPU.Build.0 = Debug|Any CPU
		{FB069096-6CC6-8582-CAC4-3458826E2A91}.Release|Any CPU.ActiveCfg = Release|Any CPU
		{FB069096-6CC6-8582-CAC4-3458826E2A91}.Release|Any CPU.Build.0 = Release|Any CPU
		{D60D49F6-47AE-8732-5878-BF668738E72E}.Debug|Any CPU.ActiveCfg = Debug|Any CPU
		{D60D49F6-47AE-8732-5878-BF668738E72E}.Debug|Any CPU.Build.0 = Debug|Any CPU
		{D60D49F6-47AE-8732-5878-BF668738E72E}.Release|Any CPU.ActiveCfg = Release|Any CPU
		{D60D49F6-47AE-8732-5878-BF668738E72E}.Release|Any CPU.Build.0 = Release|Any CPU
	EndGlobalSection
	GlobalSection(SolutionProperties) = preSolution
		HideSolutionNode = FALSE
	EndGlobalSection
																										GlobalSection(MonoDevelopProperties) = preSolution
		StartupItem = Assembly-CSharp.csproj
		Policies = $0
		$0.TextStylePolicy = $1
		$1.inheritsSet = null
		$1.scope = text/x-csharp
		$0.CSharpFormattingPolicy = $2
		$2.inheritsSet = Mono
		$2.inheritsScope = text/x-csharp
		$2.scope = text/x-csharp
		$0.TextStylePolicy = $3
		$3.FileWidth = 120
		$3.TabWidth = 4
		$3.EolMarker = Unix
		$3.inheritsSet = Mono
		$3.inheritsScope = text/plain
		$3.scope = text/plain
	EndGlobalSection

EndGlobal
